
Microsoft Visual Studio Solution File, Format Version 12.00
# Visual Studio Version 17
VisualStudioVersion = 17.4.33103.184
MinimumVisualStudioVersion = 10.0.40219.1
Project("{FAE04EC0-301F-11D3-BF4B-00C04F79EFBC}") = "1D-Tables", "1D-Tables\1D-Tables.csproj", "{1CDA7455-D3B7-4BCC-A6CD-2B2CFEE874EB}"
EndProject
Global
	GlobalSection(SolutionConfigurationPlatforms) = preSolution
		Debug|Any CPU = Debug|Any CPU
		Release|Any CPU = Release|Any CPU
	EndGlobalSection
	GlobalSection(ProjectConfigurationPlatforms) = postSolution
		{1CDA7455-D3B7-4BCC-A6CD-2B2CFEE874EB}.Debug|Any CPU.ActiveCfg = Debug|Any CPU
		{1CDA7455-D3B7-4BCC-A6CD-2B2CFEE874EB}.Debug|Any CPU.Build.0 = Debug|Any CPU
		{1CDA7455-D3B7-4BCC-A6CD-2B2CFEE874EB}.Release|Any CPU.ActiveCfg = Release|Any CPU
		{1CDA7455-D3B7-4BCC-A6CD-2B2CFEE874EB}.Release|Any CPU.Build.0 = Release|Any CPU
	EndGlobalSection
	GlobalSection(SolutionProperties) = preSolution
		HideSolutionNode = FALSE
	EndGlobalSection
	GlobalSection(ExtensibilityGlobals) = postSolution
		SolutionGuid = {78EBB2F9-B7E2-4421-8AEB-B2BB19E8045F}
	EndGlobalSection
EndGlobal
